
Microsoft Visual Studio Solution File, Format Version 12.00
# Visual Studio Version 17
VisualStudioVersion = 17.4.33403.182
MinimumVisualStudioVersion = 10.0.40219.1
Project("{FAE04EC0-301F-11D3-BF4B-00C04F79EFBC}") = "WebBanHangOnline", "WebBanHangOnline\WebBanHangOnline.csproj", "{6F4D41B0-FCDD-46A1-BA1F-9BB9546381FA}"
EndProject
Global
	GlobalSection(SolutionConfigurationPlatforms) = preSolution
		Debug|Any CPU = Debug|Any CPU
		Release|Any CPU = Release|Any CPU
	EndGlobalSection
	GlobalSection(ProjectConfigurationPlatforms) = postSolution
		{6F4D41B0-FCDD-46A1-BA1F-9BB9546381FA}.Debug|Any CPU.ActiveCfg = Debug|Any CPU
		{6F4D41B0-FCDD-46A1-BA1F-9BB9546381FA}.Debug|Any CPU.Build.0 = Debug|Any CPU
		{6F4D41B0-FCDD-46A1-BA1F-9BB9546381FA}.Release|Any CPU.ActiveCfg = Release|Any CPU
		{6F4D41B0-FCDD-46A1-BA1F-9BB9546381FA}.Release|Any CPU.Build.0 = Release|Any CPU
	EndGlobalSection
	GlobalSection(SolutionProperties) = preSolution
		HideSolutionNode = FALSE
	EndGlobalSection
	GlobalSection(ExtensibilityGlobals) = postSolution
		SolutionGuid = {4382B5E1-1E52-40C0-86FA-2BDE4C920468}
	EndGlobalSection
EndGlobal
